
Microsoft Visual Studio Solution File, Format Version 12.00
# Visual Studio Version 17
VisualStudioVersion = 17.0.32112.339
MinimumVisualStudioVersion = 10.0.40219.1
Project("{FAE04EC0-301F-11D3-BF4B-00C04F79EFBC}") = "YTool.Forms", "YTool.Forms\YTool.Forms.csproj", "{751B933F-2A84-4821-A6DD-041596B6BAAC}"
EndProject
Project("{9A19103F-16F7-4668-BE54-9A1E7A4F7556}") = "YTool.App", "YTool.App\YTool.App.csproj", "{D8BF3C08-568A-4275-9298-2C5F5574AA34}"
EndProject
Project("{9A19103F-16F7-4668-BE54-9A1E7A4F7556}") = "YTool.Service", "YTool.Service\YTool.Service.csproj", "{2ACD9B55-8C82-4E0F-9FAB-E56D3A522C01}"
EndProject
Project("{9A19103F-16F7-4668-BE54-9A1E7A4F7556}") = "YTool.Interface", "YTool.Interface\YTool.Interface.csproj", "{6EF0C242-7158-4095-8724-DB4787DA7C19}"
EndProject
Project("{FAE04EC0-301F-11D3-BF4B-00C04F79EFBC}") = "YTool.Model", "YTool.Model\YTool.Model.csproj", "{50195358-393E-4F9D-9D72-67D8248B4CCC}"
EndProject
Global
	GlobalSection(SolutionConfigurationPlatforms) = preSolution
		Debug|Any CPU = Debug|Any CPU
		Release|Any CPU = Release|Any CPU
	EndGlobalSection
	GlobalSection(ProjectConfigurationPlatforms) = postSolution
		{751B933F-2A84-4821-A6DD-041596B6BAAC}.Debug|Any CPU.ActiveCfg = Debug|Any CPU
		{751B933F-2A84-4821-A6DD-041596B6BAAC}.Debug|Any CPU.Build.0 = Debug|Any CPU
		{751B933F-2A84-4821-A6DD-041596B6BAAC}.Release|Any CPU.ActiveCfg = Release|Any CPU
		{751B933F-2A84-4821-A6DD-041596B6BAAC}.Release|Any CPU.Build.0 = Release|Any CPU
		{D8BF3C08-568A-4275-9298-2C5F5574AA34}.Debug|Any CPU.ActiveCfg = Debug|Any CPU
		{D8BF3C08-568A-4275-9298-2C5F5574AA34}.Debug|Any CPU.Build.0 = Debug|Any CPU
		{D8BF3C08-568A-4275-9298-2C5F5574AA34}.Release|Any CPU.ActiveCfg = Release|Any CPU
		{D8BF3C08-568A-4275-9298-2C5F5574AA34}.Release|Any CPU.Build.0 = Release|Any CPU
		{2ACD9B55-8C82-4E0F-9FAB-E56D3A522C01}.Debug|Any CPU.ActiveCfg = Debug|Any CPU
		{2ACD9B55-8C82-4E0F-9FAB-E56D3A522C01}.Debug|Any CPU.Build.0 = Debug|Any CPU
		{2ACD9B55-8C82-4E0F-9FAB-E56D3A522C01}.Release|Any CPU.ActiveCfg = Release|Any CPU
		{2ACD9B55-8C82-4E0F-9FAB-E56D3A522C01}.Release|Any CPU.Build.0 = Release|Any CPU
		{6EF0C242-7158-4095-8724-DB4787DA7C19}.Debug|Any CPU.ActiveCfg = Debug|Any CPU
		{6EF0C242-7158-4095-8724-DB4787DA7C19}.Debug|Any CPU.Build.0 = Debug|Any CPU
		{6EF0C242-7158-4095-8724-DB4787DA7C19}.Release|Any CPU.ActiveCfg = Release|Any CPU
		{6EF0C242-7158-4095-8724-DB4787DA7C19}.Release|Any CPU.Build.0 = Release|Any CPU
		{50195358-393E-4F9D-9D72-67D8248B4CCC}.Debug|Any CPU.ActiveCfg = Debug|Any CPU
		{50195358-393E-4F9D-9D72-67D8248B4CCC}.Debug|Any CPU.Build.0 = Debug|Any CPU
		{50195358-393E-4F9D-9D72-67D8248B4CCC}.Release|Any CPU.ActiveCfg = Release|Any CPU
		{50195358-393E-4F9D-9D72-67D8248B4CCC}.Release|Any CPU.Build.0 = Release|Any CPU
	EndGlobalSection
	GlobalSection(SolutionProperties) = preSolution
		HideSolutionNode = FALSE
	EndGlobalSection
	GlobalSection(ExtensibilityGlobals) = postSolution
		SolutionGuid = {020F85BD-60DC-47E7-8E9B-43D764D5D2F4}
	EndGlobalSection
EndGlobal
